
Microsoft Visual Studio Solution File, Format Version 12.00
# Visual Studio Version 16
VisualStudioVersion = 16.0.29102.190
MinimumVisualStudioVersion = 10.0.40219.1
Project("{8BC9CEB8-8B4A-11D0-8D11-00A0C91BC942}") = "Dx12Demo", "Dx12Demo\Dx12Demo.vcxproj", "{692A700B-696F-49A7-99F7-2E6C4DD22F96}"
EndProject
Project("{8BC9CEB8-8B4A-11D0-8D11-00A0C91BC942}") = "Parser", "..\..\Parser\Parser.vcxproj", "{D4BB3F0B-E198-4535-BFFF-995D9D56AB1D}"
EndProject
Global
	GlobalSection(SolutionConfigurationPlatforms) = preSolution
		Debug|x64 = Debug|x64
		Debug|x86 = Debug|x86
		Release|x64 = Release|x64
		Release|x86 = Release|x86
	EndGlobalSection
	GlobalSection(ProjectConfigurationPlatforms) = postSolution
		{692A700B-696F-49A7-99F7-2E6C4DD22F96}.Debug|x64.ActiveCfg = Debug|x64
		{692A700B-696F-49A7-99F7-2E6C4DD22F96}.Debug|x64.Build.0 = Debug|x64
		{692A700B-696F-49A7-99F7-2E6C4DD22F96}.Debug|x86.ActiveCfg = Debug|Win32
		{692A700B-696F-49A7-99F7-2E6C4DD22F96}.Debug|x86.Build.0 = Debug|Win32
		{692A700B-696F-49A7-99F7-2E6C4DD22F96}.Release|x64.ActiveCfg = Release|x64
		{692A700B-696F-49A7-99F7-2E6C4DD22F96}.Release|x64.Build.0 = Release|x64
		{692A700B-696F-49A7-99F7-2E6C4DD22F96}.Release|x86.ActiveCfg = Release|Win32
		{692A700B-696F-49A7-99F7-2E6C4DD22F96}.Release|x86.Build.0 = Release|Win32
		{D4BB3F0B-E198-4535-BFFF-995D9D56AB1D}.Debug|x64.ActiveCfg = Debug|x64
		{D4BB3F0B-E198-4535-BFFF-995D9D56AB1D}.Debug|x64.Build.0 = Debug|x64
		{D4BB3F0B-E198-4535-BFFF-995D9D56AB1D}.Debug|x86.ActiveCfg = Debug|Win32
		{D4BB3F0B-E198-4535-BFFF-995D9D56AB1D}.Debug|x86.Build.0 = Debug|Win32
		{D4BB3F0B-E198-4535-BFFF-995D9D56AB1D}.Release|x64.ActiveCfg = Release|x64
		{D4BB3F0B-E198-4535-BFFF-995D9D56AB1D}.Release|x64.Build.0 = Release|x64
		{D4BB3F0B-E198-4535-BFFF-995D9D56AB1D}.Release|x86.ActiveCfg = Release|Win32
		{D4BB3F0B-E198-4535-BFFF-995D9D56AB1D}.Release|x86.Build.0 = Release|Win32
	EndGlobalSection
	GlobalSection(SolutionProperties) = preSolution
		HideSolutionNode = FALSE
	EndGlobalSection
	GlobalSection(ExtensibilityGlobals) = postSolution
		SolutionGuid = {1E3BA7B7-A1F9-4ABF-90B7-1D940DF3E593}
	EndGlobalSection
EndGlobal
