<?xml version="1.0" encoding="utf-8"?>
<Project ToolsVersion="4.0" xmlns="http://schemas.microsoft.com/developer/msbuild/2003">
  <ItemGroup>
    <Filter Include="源文件">
      <UniqueIdentifier>{4FC737F1-C7A5-4376-A066-2A32D752A2FF}</UniqueIdentifier>
      <Extensions>cpp;c;cc;cxx;c++;def;odl;idl;hpj;bat;asm;asmx</Extensions>
    </Filter>
    <Filter Include="头文件">
      <UniqueIdentifier>{93995380-89BD-4b04-88EB-625FBE52EBFB}</UniqueIdentifier>
      <Extensions>h;hh;hpp;hxx;h++;hm;inl;inc;ipp;xsd</Extensions>
    </Filter>
    <Filter Include="资源文件">
      <UniqueIdentifier>{67DA6AB6-F800-4c08-8B7A-83BB121AAD01}</UniqueIdentifier>
      <Extensions>rc;ico;cur;bmp;dlg;rc2;rct;bin;rgs;gif;jpg;jpeg;jpe;resx;tiff;tif;png;wav;mfcribbon-ms</Extensions>
    </Filter>
    <Filter Include="Dumpling">
      <UniqueIdentifier>{e8794c79-a7f7-4428-bfe5-e2ae22b3edfb}</UniqueIdentifier>
    </Filter>
    <Filter Include="Potato">
      <UniqueIdentifier>{076b80b4-32d4-426e-a7b4-8fbc7b09d1bb}</UniqueIdentifier>
    </Filter>
    <Filter Include="Dumpling\Framework">
      <UniqueIdentifier>{fc073c0b-f280-4d75-831c-0d951930d149}</UniqueIdentifier>
    </Filter>
  </ItemGroup>
  <ItemGroup>
    <ClCompile Include="main.cpp">
      <Filter>源文件</Filter>
    </ClCompile>
    <ClCompile Include="..\Potato\character_encoding.cpp">
      <Filter>Potato</Filter>
    </ClCompile>
    <ClCompile Include="..\Potato\tool.cpp">
      <Filter>Potato</Filter>
    </ClCompile>
    <ClCompile Include="..\Dumpling\FrameWork\path_system.cpp">
      <Filter>Dumpling\Framework</Filter>
    </ClCompile>
    <ClCompile Include="..\Potato\parser_ebnf.cpp">
      <Filter>Potato</Filter>
    </ClCompile>
    <ClCompile Include="..\Potato\parser_lr0.cpp">
      <Filter>Potato</Filter>
    </ClCompile>
    <ClCompile Include="..\Potato\parser_nfa.cpp">
      <Filter>Potato</Filter>
    </ClCompile>
    <ClCompile Include="..\Potato\parser_format.cpp">
      <Filter>Potato</Filter>
    </ClCompile>
  </ItemGroup>
  <ItemGroup>
    <None Include="mscf.sbnf">
      <Filter>资源文件</Filter>
    </None>
  </ItemGroup>
  <ItemGroup>
    <ClInclude Include="..\Potato\auto_adapter.h">
      <Filter>Potato</Filter>
    </ClInclude>
    <ClInclude Include="..\Potato\character_encoding.h">
      <Filter>Potato</Filter>
    </ClInclude>
    <ClInclude Include="..\Potato\range_set.h">
      <Filter>Potato</Filter>
    </ClInclude>
    <ClInclude Include="..\Potato\smart_pointer.h">
      <Filter>Potato</Filter>
    </ClInclude>
    <ClInclude Include="..\Potato\tmp.h">
      <Filter>Potato</Filter>
    </ClInclude>
    <ClInclude Include="..\Potato\tmpcall.h">
      <Filter>Potato</Filter>
    </ClInclude>
    <ClInclude Include="..\Potato\tool.h">
      <Filter>Potato</Filter>
    </ClInclude>
    <ClInclude Include="..\Dumpling\FrameWork\path_system.h">
      <Filter>Dumpling\Framework</Filter>
    </ClInclude>
    <ClInclude Include="..\Potato\parser_ebnf.h">
      <Filter>Potato</Filter>
    </ClInclude>
    <ClInclude Include="..\Potato\parser_lr0.h">
      <Filter>Potato</Filter>
    </ClInclude>
    <ClInclude Include="..\Potato\parser_nfa.h">
      <Filter>Potato</Filter>
    </ClInclude>
    <ClInclude Include="..\Potato\parser_format.h">
      <Filter>Potato</Filter>
    </ClInclude>
  </ItemGroup>
</Project>