<?xml version="1.0" encoding="utf-8"?>
<Project ToolsVersion="4.0" xmlns="http://schemas.microsoft.com/developer/msbuild/2003">
  <ItemGroup>
    <Filter Include="源文件">
      <UniqueIdentifier>{4FC737F1-C7A5-4376-A066-2A32D752A2FF}</UniqueIdentifier>
      <Extensions>cpp;c;cc;cxx;c++;def;odl;idl;hpj;bat;asm;asmx</Extensions>
    </Filter>
    <Filter Include="头文件">
      <UniqueIdentifier>{93995380-89BD-4b04-88EB-625FBE52EBFB}</UniqueIdentifier>
      <Extensions>h;hh;hpp;hxx;h++;hm;inl;inc;ipp;xsd</Extensions>
    </Filter>
    <Filter Include="资源文件">
      <UniqueIdentifier>{67DA6AB6-F800-4c08-8B7A-83BB121AAD01}</UniqueIdentifier>
      <Extensions>rc;ico;cur;bmp;dlg;rc2;rct;bin;rgs;gif;jpg;jpeg;jpe;resx;tiff;tif;png;wav;mfcribbon-ms</Extensions>
    </Filter>
    <Filter Include="Dumpling">
      <UniqueIdentifier>{7617fbd3-20fa-4684-8038-241a2024ad4b}</UniqueIdentifier>
    </Filter>
    <Filter Include="PineApple">
      <UniqueIdentifier>{134dd650-48c2-49d8-91bd-8974f8a87dde}</UniqueIdentifier>
    </Filter>
    <Filter Include="PineApple\Interface">
      <UniqueIdentifier>{17d492c4-d1a6-4580-b04b-202bc4e3b49e}</UniqueIdentifier>
    </Filter>
    <Filter Include="PineApple\Implement">
      <UniqueIdentifier>{bebd69f3-780b-46fc-8d05-c37b93590171}</UniqueIdentifier>
    </Filter>
    <Filter Include="Dumpling\FrameWork">
      <UniqueIdentifier>{85f0b177-22e2-4dea-8655-ec519f3f694d}</UniqueIdentifier>
    </Filter>
    <Filter Include="Dumpling\FrameWork\Implement">
      <UniqueIdentifier>{0144c7b1-52d4-418d-b47f-8d6f4d088412}</UniqueIdentifier>
    </Filter>
    <Filter Include="Dumpling\FrameWork\Interface">
      <UniqueIdentifier>{49db1f11-47c1-4242-b40e-f56d25f95244}</UniqueIdentifier>
    </Filter>
  </ItemGroup>
  <ItemGroup>
    <ClCompile Include="main.cpp">
      <Filter>源文件</Filter>
    </ClCompile>
    <ClCompile Include="..\Dumpling\PineApple\Implment\CharEncode.cpp">
      <Filter>PineApple\Implement</Filter>
    </ClCompile>
    <ClCompile Include="..\Dumpling\PineApple\Implment\Ebnf.cpp">
      <Filter>PineApple\Implement</Filter>
    </ClCompile>
    <ClCompile Include="..\Dumpling\PineApple\Implment\Lr0.cpp">
      <Filter>PineApple\Implement</Filter>
    </ClCompile>
    <ClCompile Include="..\Dumpling\PineApple\Implment\Nfa.cpp">
      <Filter>PineApple\Implement</Filter>
    </ClCompile>
    <ClCompile Include="..\Dumpling\PineApple\Implment\StrFormat.cpp">
      <Filter>PineApple\Implement</Filter>
    </ClCompile>
    <ClCompile Include="..\Dumpling\FrameWork\Implement\path_system.cpp">
      <Filter>Dumpling\FrameWork\Implement</Filter>
    </ClCompile>
  </ItemGroup>
  <ItemGroup>
    <ClInclude Include="..\Dumpling\PineApple\Interface\CharEncode.h">
      <Filter>PineApple\Interface</Filter>
    </ClInclude>
    <ClInclude Include="..\Dumpling\PineApple\Interface\Ebnf.h">
      <Filter>PineApple\Interface</Filter>
    </ClInclude>
    <ClInclude Include="..\Dumpling\PineApple\Interface\Lr0.h">
      <Filter>PineApple\Interface</Filter>
    </ClInclude>
    <ClInclude Include="..\Dumpling\PineApple\Interface\Nfa.h">
      <Filter>PineApple\Interface</Filter>
    </ClInclude>
    <ClInclude Include="..\Dumpling\PineApple\Interface\Range.h">
      <Filter>PineApple\Interface</Filter>
    </ClInclude>
    <ClInclude Include="..\Dumpling\PineApple\Interface\StrFormat.h">
      <Filter>PineApple\Interface</Filter>
    </ClInclude>
    <ClInclude Include="..\Dumpling\FrameWork\Interface\path_system.h">
      <Filter>Dumpling\FrameWork\Interface</Filter>
    </ClInclude>
  </ItemGroup>
  <ItemGroup>
    <None Include="Mscf.ebnf">
      <Filter>资源文件</Filter>
    </None>
  </ItemGroup>
</Project>