<?xml version="1.0" encoding="utf-8"?>
<Project ToolsVersion="4.0" xmlns="http://schemas.microsoft.com/developer/msbuild/2003">
  <ItemGroup>
    <Filter Include="源文件">
      <UniqueIdentifier>{4FC737F1-C7A5-4376-A066-2A32D752A2FF}</UniqueIdentifier>
      <Extensions>cpp;c;cc;cxx;def;odl;idl;hpj;bat;asm;asmx</Extensions>
    </Filter>
    <Filter Include="头文件">
      <UniqueIdentifier>{93995380-89BD-4b04-88EB-625FBE52EBFB}</UniqueIdentifier>
      <Extensions>h;hh;hpp;hxx;hm;inl;inc;ipp;xsd</Extensions>
    </Filter>
    <Filter Include="资源文件">
      <UniqueIdentifier>{67DA6AB6-F800-4c08-8B7A-83BB121AAD01}</UniqueIdentifier>
      <Extensions>rc;ico;cur;bmp;dlg;rc2;rct;bin;rgs;gif;jpg;jpeg;jpe;resx;tiff;tif;png;wav;mfcribbon-ms</Extensions>
    </Filter>
    <Filter Include="Dumpling">
      <UniqueIdentifier>{e5fc94ba-b61b-4008-bd5c-708c42ff9d2d}</UniqueIdentifier>
    </Filter>
    <Filter Include="Dumpling\Potato">
      <UniqueIdentifier>{7bcf3319-3bba-4a51-b227-2f1df60761fd}</UniqueIdentifier>
    </Filter>
    <Filter Include="Dumpling\PineApple">
      <UniqueIdentifier>{8bf309a7-4f46-4691-a2ba-86718167bc0c}</UniqueIdentifier>
    </Filter>
    <Filter Include="Dumpling\PineApple\Interface">
      <UniqueIdentifier>{7f940ae4-8572-4468-a55b-f056da5d1a40}</UniqueIdentifier>
    </Filter>
    <Filter Include="Dumpling\PineApple\Implement">
      <UniqueIdentifier>{ec4be3e8-b54e-41dd-8193-65ed3f693e78}</UniqueIdentifier>
    </Filter>
    <Filter Include="Dumpling\Potato\Interface">
      <UniqueIdentifier>{dbde255e-3273-417a-a962-1de233ab2292}</UniqueIdentifier>
    </Filter>
    <Filter Include="Dumpling\Potato\Implement">
      <UniqueIdentifier>{b2d32492-db87-4ca7-bb5b-38b9319b51bf}</UniqueIdentifier>
    </Filter>
    <Filter Include="Dumpling\FrameWork">
      <UniqueIdentifier>{291b3e41-8776-49aa-a5d9-1c94408f5c8b}</UniqueIdentifier>
    </Filter>
    <Filter Include="Dumpling\FrameWork\Interface">
      <UniqueIdentifier>{792d5018-38ed-46f8-82e5-050643c99e6b}</UniqueIdentifier>
    </Filter>
    <Filter Include="Dumpling\FrameWork\Implement">
      <UniqueIdentifier>{c4dcfb6f-8e83-4ad1-90c2-109b54993928}</UniqueIdentifier>
    </Filter>
    <Filter Include="Dumpling\Gui">
      <UniqueIdentifier>{6613ce98-efa9-4a51-a044-b73b92c8d29f}</UniqueIdentifier>
    </Filter>
    <Filter Include="Dumpling\Gui\Win32">
      <UniqueIdentifier>{20a7c295-d279-4850-9717-2bb9e6b5d008}</UniqueIdentifier>
    </Filter>
    <Filter Include="Dumpling\Msc">
      <UniqueIdentifier>{931d6007-aaa9-4268-a8e3-db560e0f13c4}</UniqueIdentifier>
    </Filter>
    <Filter Include="Dumpling\Msc\Interface">
      <UniqueIdentifier>{1f5332db-39dd-4f5a-8eef-84fc01454c09}</UniqueIdentifier>
    </Filter>
    <Filter Include="Dumpling\Msc\Implement">
      <UniqueIdentifier>{bee2cbcc-1fe5-4a82-b01e-191fb5897325}</UniqueIdentifier>
    </Filter>
    <Filter Include="Contexnt">
      <UniqueIdentifier>{f2b4d6a4-5cce-417e-987f-421e1f751ba1}</UniqueIdentifier>
    </Filter>
    <Filter Include="Contexnt\Material">
      <UniqueIdentifier>{bc9c6af4-a692-4609-a7e5-8097306053f9}</UniqueIdentifier>
    </Filter>
  </ItemGroup>
  <ItemGroup>
    <ClCompile Include="demo.cpp">
      <Filter>源文件</Filter>
    </ClCompile>
    <ClCompile Include="..\..\..\Dumpling\FrameWork\Implement\path_system.cpp">
      <Filter>Dumpling\FrameWork\Implement</Filter>
    </ClCompile>
    <ClCompile Include="..\..\..\Dumpling\PineApple\Implment\CharEncode.cpp">
      <Filter>Dumpling\PineApple\Implement</Filter>
    </ClCompile>
    <ClCompile Include="..\..\..\Dumpling\PineApple\Implment\Ebnf.cpp">
      <Filter>Dumpling\PineApple\Implement</Filter>
    </ClCompile>
    <ClCompile Include="..\..\..\Dumpling\PineApple\Implment\Lr0.cpp">
      <Filter>Dumpling\PineApple\Implement</Filter>
    </ClCompile>
    <ClCompile Include="..\..\..\Dumpling\PineApple\Implment\Nfa.cpp">
      <Filter>Dumpling\PineApple\Implement</Filter>
    </ClCompile>
    <ClCompile Include="..\..\..\Dumpling\PineApple\Implment\StrFormat.cpp">
      <Filter>Dumpling\PineApple\Implement</Filter>
    </ClCompile>
    <ClCompile Include="..\..\..\Dumpling\Potato\Implement\tool.cpp">
      <Filter>Dumpling\Potato\Implement</Filter>
    </ClCompile>
    <ClCompile Include="..\..\..\Dumpling\Gui\Win32\dx12.cpp">
      <Filter>Dumpling\Gui\Win32</Filter>
    </ClCompile>
    <ClCompile Include="..\..\..\Dumpling\Gui\Win32\dx12_form.cpp">
      <Filter>Dumpling\Gui\Win32</Filter>
    </ClCompile>
    <ClCompile Include="..\..\..\Dumpling\Gui\Win32\dxgi.cpp">
      <Filter>Dumpling\Gui\Win32</Filter>
    </ClCompile>
    <ClCompile Include="..\..\..\Dumpling\Gui\Win32\win32.cpp">
      <Filter>Dumpling\Gui\Win32</Filter>
    </ClCompile>
    <ClCompile Include="..\..\..\Dumpling\Msc\Implement\mscf.cpp">
      <Filter>Dumpling\Msc\Implement</Filter>
    </ClCompile>
    <ClCompile Include="..\..\..\Dumpling\PineApple\Implment\Symbol.cpp">
      <Filter>Dumpling\PineApple\Implement</Filter>
    </ClCompile>
  </ItemGroup>
  <ItemGroup>
    <ClInclude Include="Testing.h">
      <Filter>源文件</Filter>
    </ClInclude>
    <ClInclude Include="..\..\..\Dumpling\FrameWork\Interface\path_system.h">
      <Filter>Dumpling\FrameWork\Interface</Filter>
    </ClInclude>
    <ClInclude Include="..\..\..\Dumpling\PineApple\Interface\CharEncode.h">
      <Filter>Dumpling\PineApple\Interface</Filter>
    </ClInclude>
    <ClInclude Include="..\..\..\Dumpling\PineApple\Interface\Ebnf.h">
      <Filter>Dumpling\PineApple\Interface</Filter>
    </ClInclude>
    <ClInclude Include="..\..\..\Dumpling\PineApple\Interface\Lr0.h">
      <Filter>Dumpling\PineApple\Interface</Filter>
    </ClInclude>
    <ClInclude Include="..\..\..\Dumpling\PineApple\Interface\Nfa.h">
      <Filter>Dumpling\PineApple\Interface</Filter>
    </ClInclude>
    <ClInclude Include="..\..\..\Dumpling\PineApple\Interface\Range.h">
      <Filter>Dumpling\PineApple\Interface</Filter>
    </ClInclude>
    <ClInclude Include="..\..\..\Dumpling\PineApple\Interface\StrFormat.h">
      <Filter>Dumpling\PineApple\Interface</Filter>
    </ClInclude>
    <ClInclude Include="..\..\..\Dumpling\Potato\Interface\auto_adapter.h">
      <Filter>Dumpling\Potato\Interface</Filter>
    </ClInclude>
    <ClInclude Include="..\..\..\Dumpling\Potato\Interface\smart_pointer.h">
      <Filter>Dumpling\Potato\Interface</Filter>
    </ClInclude>
    <ClInclude Include="..\..\..\Dumpling\Potato\Interface\tmp.h">
      <Filter>Dumpling\Potato\Interface</Filter>
    </ClInclude>
    <ClInclude Include="..\..\..\Dumpling\Potato\Interface\tmpcall.h">
      <Filter>Dumpling\Potato\Interface</Filter>
    </ClInclude>
    <ClInclude Include="..\..\..\Dumpling\Potato\Interface\tool.h">
      <Filter>Dumpling\Potato\Interface</Filter>
    </ClInclude>
    <ClInclude Include="..\..\..\Dumpling\Gui\Win32\dx12.h">
      <Filter>Dumpling\Gui\Win32</Filter>
    </ClInclude>
    <ClInclude Include="..\..\..\Dumpling\Gui\Win32\dx12_form.h">
      <Filter>Dumpling\Gui\Win32</Filter>
    </ClInclude>
    <ClInclude Include="..\..\..\Dumpling\Gui\Win32\dxgi.h">
      <Filter>Dumpling\Gui\Win32</Filter>
    </ClInclude>
    <ClInclude Include="..\..\..\Dumpling\Gui\Win32\enum_dx12.h">
      <Filter>Dumpling\Gui\Win32</Filter>
    </ClInclude>
    <ClInclude Include="..\..\..\Dumpling\Gui\Win32\math_dx.h">
      <Filter>Dumpling\Gui\Win32</Filter>
    </ClInclude>
    <ClInclude Include="..\..\..\Dumpling\Gui\Win32\pre_define_dx12.h">
      <Filter>Dumpling\Gui\Win32</Filter>
    </ClInclude>
    <ClInclude Include="..\..\..\Dumpling\Gui\Win32\resource_dx12.h">
      <Filter>Dumpling\Gui\Win32</Filter>
    </ClInclude>
    <ClInclude Include="..\..\..\Dumpling\Gui\Win32\win32.h">
      <Filter>Dumpling\Gui\Win32</Filter>
    </ClInclude>
    <ClInclude Include="..\..\..\Dumpling\Msc\Interface\msc.h">
      <Filter>Dumpling\Msc\Interface</Filter>
    </ClInclude>
    <ClInclude Include="..\..\..\Dumpling\Msc\Interface\mscf.h">
      <Filter>Dumpling\Msc\Interface</Filter>
    </ClInclude>
    <ClInclude Include="..\..\..\Dumpling\Msc\Implement\mscf_parser_table.h">
      <Filter>Dumpling\Msc\Implement</Filter>
    </ClInclude>
    <ClInclude Include="..\..\..\Dumpling\PineApple\Interface\Symbol.h">
      <Filter>Dumpling\PineApple\Interface</Filter>
    </ClInclude>
  </ItemGroup>
  <ItemGroup>
    <FxCompile Include="VertexShader.hlsl">
      <Filter>源文件</Filter>
    </FxCompile>
    <FxCompile Include="PixelShader.hlsl">
      <Filter>源文件</Filter>
    </FxCompile>
    <FxCompile Include="DFGenerator.hlsl">
      <Filter>源文件</Filter>
    </FxCompile>
  </ItemGroup>
  <ItemGroup>
    <None Include="..\Content\Material\base.mscf">
      <Filter>Contexnt\Material</Filter>
    </None>
    <None Include="..\..\..\Parser\Mscf.ebnf">
      <Filter>资源文件</Filter>
    </None>
  </ItemGroup>
</Project>