<?xml version="1.0" encoding="utf-8"?>
<Project ToolsVersion="4.0" xmlns="http://schemas.microsoft.com/developer/msbuild/2003">
  <ItemGroup>
    <Filter Include="源文件">
      <UniqueIdentifier>{4FC737F1-C7A5-4376-A066-2A32D752A2FF}</UniqueIdentifier>
      <Extensions>cpp;c;cc;cxx;def;odl;idl;hpj;bat;asm;asmx</Extensions>
    </Filter>
    <Filter Include="头文件">
      <UniqueIdentifier>{93995380-89BD-4b04-88EB-625FBE52EBFB}</UniqueIdentifier>
      <Extensions>h;hh;hpp;hxx;hm;inl;inc;ipp;xsd</Extensions>
    </Filter>
    <Filter Include="资源文件">
      <UniqueIdentifier>{67DA6AB6-F800-4c08-8B7A-83BB121AAD01}</UniqueIdentifier>
      <Extensions>rc;ico;cur;bmp;dlg;rc2;rct;bin;rgs;gif;jpg;jpeg;jpe;resx;tiff;tif;png;wav;mfcribbon-ms</Extensions>
    </Filter>
    <Filter Include="Framework">
      <UniqueIdentifier>{00345f3b-17af-4ab7-a9a6-965f9b680fce}</UniqueIdentifier>
    </Filter>
    <Filter Include="Framework\Public">
      <UniqueIdentifier>{d47d2357-4858-4150-affa-75d663b9272b}</UniqueIdentifier>
    </Filter>
    <Filter Include="Framework\Private">
      <UniqueIdentifier>{43ea7f9b-b63a-4ce0-a4da-236fccd3e05b}</UniqueIdentifier>
    </Filter>
    <Filter Include="Gui">
      <UniqueIdentifier>{10391c24-ebf1-4dc7-83be-8f1903636707}</UniqueIdentifier>
    </Filter>
    <Filter Include="Msc">
      <UniqueIdentifier>{11df9cb0-38c7-4f78-b137-81ee21ee6cb1}</UniqueIdentifier>
    </Filter>
    <Filter Include="PineApple">
      <UniqueIdentifier>{b299ca8e-4d02-4cc7-a857-b57c672be365}</UniqueIdentifier>
    </Filter>
    <Filter Include="Potato">
      <UniqueIdentifier>{9df6561d-f9a4-4715-9dec-87e8eb4f5206}</UniqueIdentifier>
    </Filter>
    <Filter Include="PineApple\Public">
      <UniqueIdentifier>{70643781-5f81-4325-aabe-c18744776aa6}</UniqueIdentifier>
    </Filter>
    <Filter Include="PineApple\Private">
      <UniqueIdentifier>{a240b5fa-4cc5-4219-9372-f951ab533294}</UniqueIdentifier>
    </Filter>
    <Filter Include="Potato\Private">
      <UniqueIdentifier>{8b3d1583-6340-40fc-81cc-3cc79f902f71}</UniqueIdentifier>
    </Filter>
    <Filter Include="Potato\Public">
      <UniqueIdentifier>{890ffea0-3e30-40cb-b07b-efff4bd95a46}</UniqueIdentifier>
    </Filter>
    <Filter Include="Msc\Private">
      <UniqueIdentifier>{820f933b-a03d-405f-96ff-5e37239bbf5f}</UniqueIdentifier>
    </Filter>
    <Filter Include="Msc\Public">
      <UniqueIdentifier>{04f56bb0-19cf-4634-9f02-ce37dd95dfe0}</UniqueIdentifier>
    </Filter>
    <Filter Include="Gui\Public">
      <UniqueIdentifier>{aa08481a-9218-4cf6-b419-9e9cbfcecedc}</UniqueIdentifier>
    </Filter>
    <Filter Include="Gui\Private">
      <UniqueIdentifier>{13250c7c-d9d4-4990-a357-163a4b13a3e4}</UniqueIdentifier>
    </Filter>
  </ItemGroup>
  <ItemGroup>
    <ClCompile Include="demo.cpp">
      <Filter>源文件</Filter>
    </ClCompile>
    <ClCompile Include="..\..\..\Dumpling\FrameWork\Private\path_system.cpp">
      <Filter>Framework\Private</Filter>
    </ClCompile>
    <ClCompile Include="..\..\..\Dumpling\Gui\Win32\dx12.cpp">
      <Filter>Gui\Public</Filter>
    </ClCompile>
    <ClCompile Include="..\..\..\Dumpling\Gui\Win32\dx12_form.cpp">
      <Filter>Gui\Public</Filter>
    </ClCompile>
    <ClCompile Include="..\..\..\Dumpling\Gui\Win32\dxgi.cpp">
      <Filter>Gui\Public</Filter>
    </ClCompile>
    <ClCompile Include="..\..\..\Dumpling\Gui\Win32\win32.cpp">
      <Filter>Gui\Public</Filter>
    </ClCompile>
    <ClCompile Include="..\..\..\Dumpling\Msc\Private\mscf.cpp">
      <Filter>Msc\Private</Filter>
    </ClCompile>
    <ClCompile Include="..\..\..\Dumpling\Potato\Private\tool.cpp">
      <Filter>Potato\Private</Filter>
    </ClCompile>
    <ClCompile Include="..\..\..\Dumpling\PineApple\Private\CharEncode.cpp">
      <Filter>PineApple\Private</Filter>
    </ClCompile>
    <ClCompile Include="..\..\..\Dumpling\PineApple\Private\Ebnf.cpp">
      <Filter>PineApple\Private</Filter>
    </ClCompile>
    <ClCompile Include="..\..\..\Dumpling\PineApple\Private\Lr0.cpp">
      <Filter>PineApple\Private</Filter>
    </ClCompile>
    <ClCompile Include="..\..\..\Dumpling\PineApple\Private\Nfa.cpp">
      <Filter>PineApple\Private</Filter>
    </ClCompile>
    <ClCompile Include="..\..\..\Dumpling\PineApple\Private\StrFormat.cpp">
      <Filter>PineApple\Private</Filter>
    </ClCompile>
    <ClCompile Include="..\..\..\Dumpling\PineApple\Private\Symbol.cpp">
      <Filter>PineApple\Private</Filter>
    </ClCompile>
    <ClCompile Include="..\..\..\Dumpling\Msc\Private\mscf_define.cpp">
      <Filter>Msc\Private</Filter>
    </ClCompile>
  </ItemGroup>
  <ItemGroup>
    <ClInclude Include="Testing.h">
      <Filter>源文件</Filter>
    </ClInclude>
    <ClInclude Include="..\..\..\Dumpling\FrameWork\Public\path_system.h">
      <Filter>Framework\Public</Filter>
    </ClInclude>
    <ClInclude Include="..\..\..\Dumpling\Gui\Win32\descriptor_table_dx12.h">
      <Filter>Gui\Public</Filter>
    </ClInclude>
    <ClInclude Include="..\..\..\Dumpling\Gui\Win32\dx12.h">
      <Filter>Gui\Public</Filter>
    </ClInclude>
    <ClInclude Include="..\..\..\Dumpling\Gui\Win32\dx12_form.h">
      <Filter>Gui\Public</Filter>
    </ClInclude>
    <ClInclude Include="..\..\..\Dumpling\Gui\Win32\dxgi.h">
      <Filter>Gui\Public</Filter>
    </ClInclude>
    <ClInclude Include="..\..\..\Dumpling\Gui\Win32\enum_dx12.h">
      <Filter>Gui\Public</Filter>
    </ClInclude>
    <ClInclude Include="..\..\..\Dumpling\Gui\Win32\math_dx.h">
      <Filter>Gui\Public</Filter>
    </ClInclude>
    <ClInclude Include="..\..\..\Dumpling\Gui\Win32\pipeline.h">
      <Filter>Gui\Public</Filter>
    </ClInclude>
    <ClInclude Include="..\..\..\Dumpling\Gui\Win32\pre_define_dx12.h">
      <Filter>Gui\Public</Filter>
    </ClInclude>
    <ClInclude Include="..\..\..\Dumpling\Gui\Win32\resource_dx12.h">
      <Filter>Gui\Public</Filter>
    </ClInclude>
    <ClInclude Include="..\..\..\Dumpling\Gui\Win32\win32.h">
      <Filter>Gui\Public</Filter>
    </ClInclude>
    <ClInclude Include="..\..\..\Dumpling\Msc\Public\msc.h">
      <Filter>Msc\Public</Filter>
    </ClInclude>
    <ClInclude Include="..\..\..\Dumpling\Msc\Public\mscf.h">
      <Filter>Msc\Public</Filter>
    </ClInclude>
    <ClInclude Include="..\..\..\Dumpling\Msc\Private\mscf_parser_table.h">
      <Filter>Msc\Private</Filter>
    </ClInclude>
    <ClInclude Include="..\..\..\Dumpling\Potato\Public\auto_adapter.h">
      <Filter>Potato\Public</Filter>
    </ClInclude>
    <ClInclude Include="..\..\..\Dumpling\Potato\Public\smart_pointer.h">
      <Filter>Potato\Public</Filter>
    </ClInclude>
    <ClInclude Include="..\..\..\Dumpling\Potato\Public\tmp.h">
      <Filter>Potato\Public</Filter>
    </ClInclude>
    <ClInclude Include="..\..\..\Dumpling\Potato\Public\tmpcall.h">
      <Filter>Potato\Public</Filter>
    </ClInclude>
    <ClInclude Include="..\..\..\Dumpling\Potato\Public\tool.h">
      <Filter>Potato\Public</Filter>
    </ClInclude>
    <ClInclude Include="..\..\..\Dumpling\PineApple\Public\CharEncode.h">
      <Filter>PineApple\Public</Filter>
    </ClInclude>
    <ClInclude Include="..\..\..\Dumpling\PineApple\Public\Ebnf.h">
      <Filter>PineApple\Public</Filter>
    </ClInclude>
    <ClInclude Include="..\..\..\Dumpling\PineApple\Public\Lr0.h">
      <Filter>PineApple\Public</Filter>
    </ClInclude>
    <ClInclude Include="..\..\..\Dumpling\PineApple\Public\Nfa.h">
      <Filter>PineApple\Public</Filter>
    </ClInclude>
    <ClInclude Include="..\..\..\Dumpling\PineApple\Public\Range.h">
      <Filter>PineApple\Public</Filter>
    </ClInclude>
    <ClInclude Include="..\..\..\Dumpling\PineApple\Public\StrFormat.h">
      <Filter>PineApple\Public</Filter>
    </ClInclude>
    <ClInclude Include="..\..\..\Dumpling\PineApple\Public\Symbol.h">
      <Filter>PineApple\Public</Filter>
    </ClInclude>
    <ClInclude Include="..\..\..\Dumpling\Msc\Private\mscf_define.h">
      <Filter>Msc\Private</Filter>
    </ClInclude>
  </ItemGroup>
  <ItemGroup>
    <FxCompile Include="VertexShader.hlsl">
      <Filter>源文件</Filter>
    </FxCompile>
    <FxCompile Include="PixelShader.hlsl">
      <Filter>源文件</Filter>
    </FxCompile>
    <FxCompile Include="DFGenerator.hlsl">
      <Filter>源文件</Filter>
    </FxCompile>
  </ItemGroup>
  <ItemGroup>
    <None Include="..\..\..\Parser\Mscf.ebnf">
      <Filter>资源文件</Filter>
    </None>
    <None Include="..\Content\Material\base.mscf">
      <Filter>资源文件</Filter>
    </None>
  </ItemGroup>
</Project>