<?xml version="1.0" encoding="utf-8"?>
<Project ToolsVersion="4.0" xmlns="http://schemas.microsoft.com/developer/msbuild/2003">
  <ItemGroup>
    <Filter Include="Public">
      <UniqueIdentifier>{09bf42e4-40f5-497f-904d-8a8850f4b003}</UniqueIdentifier>
    </Filter>
    <Filter Include="Private">
      <UniqueIdentifier>{0bd1b127-ac75-46ae-9778-ad7285ca9e75}</UniqueIdentifier>
    </Filter>
    <Filter Include="Content">
      <UniqueIdentifier>{70a87b69-07a0-4fb9-9744-218f0fa21148}</UniqueIdentifier>
    </Filter>
  </ItemGroup>
  <ItemGroup>
    <ClInclude Include="..\..\Dumpling\Public\Mscf.h">
      <Filter>Public</Filter>
    </ClInclude>
    <ClInclude Include="..\..\Dumpling\Public\ShaderVariable.h">
      <Filter>Public</Filter>
    </ClInclude>
    <ClInclude Include="..\..\Dumpling\Private\ParserTable.h">
      <Filter>Private</Filter>
    </ClInclude>
    <ClInclude Include="..\..\Dumpling\Private\MscfDefine.h">
      <Filter>Private</Filter>
    </ClInclude>
  </ItemGroup>
  <ItemGroup>
    <ClCompile Include="..\..\Dumpling\Private\ParserTable.cpp">
      <Filter>Private</Filter>
    </ClCompile>
    <ClCompile Include="..\..\Dumpling\Private\Mscf.cpp">
      <Filter>Private</Filter>
    </ClCompile>
    <ClCompile Include="..\..\Dumpling\Private\MscfDefine.cpp">
      <Filter>Private</Filter>
    </ClCompile>
  </ItemGroup>
  <ItemGroup>
    <None Include="..\..\Dumpling\Content\Mscf.ebnf">
      <Filter>Content</Filter>
    </None>
  </ItemGroup>
</Project>